
Microsoft Visual Studio Solution File, Format Version 12.00
# Visual Studio 2012
Project("{FAE04EC0-301F-11D3-BF4B-00C04F79EFBC}") = "BrorsCalculateApplication", "BrorsCalculateApplication\BrorsCalculateApplication.csproj", "{9B06EA95-DCAD-4856-BB1F-DB61F505F958}"
EndProject
Project("{FAE04EC0-301F-11D3-BF4B-00C04F79EFBC}") = "BrorsCalculateApplication.Tests", "BrorsCalculateApplication.Tests\BrorsCalculateApplication.Tests.csproj", "{39B98F79-1B77-4105-A574-174EEF00F7D1}"
EndProject
Global
	GlobalSection(SolutionConfigurationPlatforms) = preSolution
		Debug|Any CPU = Debug|Any CPU
		Release|Any CPU = Release|Any CPU
	EndGlobalSection
	GlobalSection(ProjectConfigurationPlatforms) = postSolution
		{9B06EA95-DCAD-4856-BB1F-DB61F505F958}.Debug|Any CPU.ActiveCfg = Debug|Any CPU
		{9B06EA95-DCAD-4856-BB1F-DB61F505F958}.Debug|Any CPU.Build.0 = Debug|Any CPU
		{9B06EA95-DCAD-4856-BB1F-DB61F505F958}.Release|Any CPU.ActiveCfg = Release|Any CPU
		{9B06EA95-DCAD-4856-BB1F-DB61F505F958}.Release|Any CPU.Build.0 = Release|Any CPU
		{39B98F79-1B77-4105-A574-174EEF00F7D1}.Debug|Any CPU.ActiveCfg = Debug|Any CPU
		{39B98F79-1B77-4105-A574-174EEF00F7D1}.Debug|Any CPU.Build.0 = Debug|Any CPU
		{39B98F79-1B77-4105-A574-174EEF00F7D1}.Release|Any CPU.ActiveCfg = Release|Any CPU
		{39B98F79-1B77-4105-A574-174EEF00F7D1}.Release|Any CPU.Build.0 = Release|Any CPU
	EndGlobalSection
	GlobalSection(SolutionProperties) = preSolution
		HideSolutionNode = FALSE
	EndGlobalSection
EndGlobal
